// !$*UTF8*$!
{
	archiveVersion = 1;
	classes = {
	};
	objectVersion = 56;
	objects = {

/* Begin PBXBuildFile section */
		CE3C64F129A5F3C8005A8034 /* AppDelegate.swift in Sources */ = {isa = PBXBuildFile; fileRef = CE3C64F029A5F3C8005A8034 /* AppDelegate.swift */; };
		CE3C64F329A5F3C8005A8034 /* SceneDelegate.swift in Sources */ = {isa = PBXBuildFile; fileRef = CE3C64F229A5F3C8005A8034 /* SceneDelegate.swift */; };
		CE3C64F529A5F3C8005A8034 /* QuestionsViewController.swift in Sources */ = {isa = PBXBuildFile; fileRef = CE3C64F429A5F3C8005A8034 /* QuestionsViewController.swift */; };
		CE3C64F829A5F3C8005A8034 /* Main.storyboard in Resources */ = {isa = PBXBuildFile; fileRef = CE3C64F629A5F3C8005A8034 /* Main.storyboard */; };
		CE3C64FA29A5F3CB005A8034 /* Assets.xcassets in Resources */ = {isa = PBXBuildFile; fileRef = CE3C64F929A5F3CB005A8034 /* Assets.xcassets */; };
		CE3C64FD29A5F3CB005A8034 /* LaunchScreen.storyboard in Resources */ = {isa = PBXBuildFile; fileRef = CE3C64FB29A5F3CB005A8034 /* LaunchScreen.storyboard */; };
		CE3C650529A623A6005A8034 /* Question.swift in Sources */ = {isa = PBXBuildFile; fileRef = CE3C650429A623A6005A8034 /* Question.swift */; };
		CE3C650C29A630E3005A8034 /* ResultViewController.swift in Sources */ = {isa = PBXBuildFile; fileRef = CE3C650B29A630E3005A8034 /* ResultViewController.swift */; };
/* End PBXBuildFile section */

/* Begin PBXFileReference section */
		CE3C64ED29A5F3C8005A8034 /* PersonalSurvey.app */ = {isa = PBXFileReference; explicitFileType = wrapper.application; includeInIndex = 0; path = PersonalSurvey.app; sourceTree = BUILT_PRODUCTS_DIR; };
		CE3C64F029A5F3C8005A8034 /* AppDelegate.swift */ = {isa = PBXFileReference; lastKnownFileType = sourcecode.swift; path = AppDelegate.swift; sourceTree = "<group>"; };
		CE3C64F229A5F3C8005A8034 /* SceneDelegate.swift */ = {isa = PBXFileReference; lastKnownFileType = sourcecode.swift; path = SceneDelegate.swift; sourceTree = "<group>"; };
		CE3C64F429A5F3C8005A8034 /* QuestionsViewController.swift */ = {isa = PBXFileReference; lastKnownFileType = sourcecode.swift; path = QuestionsViewController.swift; sourceTree = "<group>"; };
		CE3C64F729A5F3C8005A8034 /* Base */ = {isa = PBXFileReference; lastKnownFileType = file.storyboard; name = Base; path = Base.lproj/Main.storyboard; sourceTree = "<group>"; };
		CE3C64F929A5F3CB005A8034 /* Assets.xcassets */ = {isa = PBXFileReference; lastKnownFileType = folder.assetcatalog; path = Assets.xcassets; sourceTree = "<group>"; };
		CE3C64FC29A5F3CB005A8034 /* Base */ = {isa = PBXFileReference; lastKnownFileType = file.storyboard; name = Base; path = Base.lproj/LaunchScreen.storyboard; sourceTree = "<group>"; };
		CE3C64FE29A5F3CB005A8034 /* Info.plist */ = {isa = PBXFileReference; lastKnownFileType = text.plist.xml; path = Info.plist; sourceTree = "<group>"; };
		CE3C650429A623A6005A8034 /* Question.swift */ = {isa = PBXFileReference; lastKnownFileType = sourcecode.swift; path = Question.swift; sourceTree = "<group>"; };
		CE3C650B29A630E3005A8034 /* ResultViewController.swift */ = {isa = PBXFileReference; lastKnownFileType = sourcecode.swift; path = ResultViewController.swift; sourceTree = "<group>"; };
/* End PBXFileReference section */

/* Begin PBXFrameworksBuildPhase section */
		CE3C64EA29A5F3C8005A8034 /* Frameworks */ = {
			isa = PBXFrameworksBuildPhase;
			buildActionMask = 2147483647;
			files = (
			);
			runOnlyForDeploymentPostprocessing = 0;
		};
/* End PBXFrameworksBuildPhase section */

/* Begin PBXGroup section */
		CE3C64E429A5F3C8005A8034 = {
			isa = PBXGroup;
			children = (
				CE3C64EF29A5F3C8005A8034 /* PersonalSurvey */,
				CE3C64EE29A5F3C8005A8034 /* Products */,
			);
			sourceTree = "<group>";
		};
		CE3C64EE29A5F3C8005A8034 /* Products */ = {
			isa = PBXGroup;
			children = (
				CE3C64ED29A5F3C8005A8034 /* PersonalSurvey.app */,
			);
			name = Products;
			sourceTree = "<group>";
		};
		CE3C64EF29A5F3C8005A8034 /* PersonalSurvey */ = {
			isa = PBXGroup;
			children = (
				CE3C650629A62EC6005A8034 /* Applications */,
				CE3C650929A62EDD005A8034 /* Models */,
				CE3C650A29A62F01005A8034 /* ViewControllers */,
				CE3C650829A62ED5005A8034 /* Resources */,
				CE3C650729A62ECF005A8034 /* Storyboards */,
			);
			path = PersonalSurvey;
			sourceTree = "<group>";
		};
		CE3C650629A62EC6005A8034 /* Applications */ = {
			isa = PBXGroup;
			children = (
				CE3C64F029A5F3C8005A8034 /* AppDelegate.swift */,
				CE3C64F229A5F3C8005A8034 /* SceneDelegate.swift */,
				CE3C64FE29A5F3CB005A8034 /* Info.plist */,
			);
			path = Applications;
			sourceTree = "<group>";
		};
		CE3C650729A62ECF005A8034 /* Storyboards */ = {
			isa = PBXGroup;
			children = (
				CE3C64F629A5F3C8005A8034 /* Main.storyboard */,
				CE3C64FB29A5F3CB005A8034 /* LaunchScreen.storyboard */,
			);
			path = Storyboards;
			sourceTree = "<group>";
		};
		CE3C650829A62ED5005A8034 /* Resources */ = {
			isa = PBXGroup;
			children = (
				CE3C64F929A5F3CB005A8034 /* Assets.xcassets */,
			);
			path = Resources;
			sourceTree = "<group>";
		};
		CE3C650929A62EDD005A8034 /* Models */ = {
			isa = PBXGroup;
			children = (
				CE3C650429A623A6005A8034 /* Question.swift */,
			);
			path = Models;
			sourceTree = "<group>";
		};
		CE3C650A29A62F01005A8034 /* ViewControllers */ = {
			isa = PBXGroup;
			children = (
				CE3C650B29A630E3005A8034 /* ResultViewController.swift */,
				CE3C64F429A5F3C8005A8034 /* QuestionsViewController.swift */,
			);
			path = ViewControllers;
			sourceTree = "<group>";
		};
/* End PBXGroup section */

/* Begin PBXNativeTarget section */
		CE3C64EC29A5F3C8005A8034 /* PersonalSurvey */ = {
			isa = PBXNativeTarget;
			buildConfigurationList = CE3C650129A5F3CB005A8034 /* Build configuration list for PBXNativeTarget "PersonalSurvey" */;
			buildPhases = (
				CE3C64E929A5F3C8005A8034 /* Sources */,
				CE3C64EA29A5F3C8005A8034 /* Frameworks */,
				CE3C64EB29A5F3C8005A8034 /* Resources */,
			);
			buildRules = (
			);
			dependencies = (
			);
			name = PersonalSurvey;
			productName = PersonalSurvey;
			productReference = CE3C64ED29A5F3C8005A8034 /* PersonalSurvey.app */;
			productType = "com.apple.product-type.application";
		};
/* End PBXNativeTarget section */

/* Begin PBXProject section */
		CE3C64E529A5F3C8005A8034 /* Project object */ = {
			isa = PBXProject;
			attributes = {
				BuildIndependentTargetsInParallel = 1;
				LastSwiftUpdateCheck = 1420;
				LastUpgradeCheck = 1420;
				TargetAttributes = {
					CE3C64EC29A5F3C8005A8034 = {
						CreatedOnToolsVersion = 14.2;
					};
				};
			};
			buildConfigurationList = CE3C64E829A5F3C8005A8034 /* Build configuration list for PBXProject "PersonalSurvey" */;
			compatibilityVersion = "Xcode 14.0";
			developmentRegion = en;
			hasScannedForEncodings = 0;
			knownRegions = (
				en,
				Base,
			);
			mainGroup = CE3C64E429A5F3C8005A8034;
			productRefGroup = CE3C64EE29A5F3C8005A8034 /* Products */;
			projectDirPath = "";
			projectRoot = "";
			targets = (
				CE3C64EC29A5F3C8005A8034 /* PersonalSurvey */,
			);
		};
/* End PBXProject section */

/* Begin PBXResourcesBuildPhase section */
		CE3C64EB29A5F3C8005A8034 /* Resources */ = {
			isa = PBXResourcesBuildPhase;
			buildActionMask = 2147483647;
			files = (
				CE3C64FD29A5F3CB005A8034 /* LaunchScreen.storyboard in Resources */,
				CE3C64FA29A5F3CB005A8034 /* Assets.xcassets in Resources */,
				CE3C64F829A5F3C8005A8034 /* Main.storyboard in Resources */,
			);
			runOnlyForDeploymentPostprocessing = 0;
		};
/* End PBXResourcesBuildPhase section */

/* Begin PBXSourcesBuildPhase section */
		CE3C64E929A5F3C8005A8034 /* Sources */ = {
			isa = PBXSourcesBuildPhase;
			buildActionMask = 2147483647;
			files = (
				CE3C650C29A630E3005A8034 /* ResultViewController.swift in Sources */,
				CE3C64F529A5F3C8005A8034 /* QuestionsViewController.swift in Sources */,
				CE3C650529A623A6005A8034 /* Question.swift in Sources */,
				CE3C64F129A5F3C8005A8034 /* AppDelegate.swift in Sources */,
				CE3C64F329A5F3C8005A8034 /* SceneDelegate.swift in Sources */,
			);
			runOnlyForDeploymentPostprocessing = 0;
		};
/* End PBXSourcesBuildPhase section */

/* Begin PBXVariantGroup section */
		CE3C64F629A5F3C8005A8034 /* Main.storyboard */ = {
			isa = PBXVariantGroup;
			children = (
				CE3C64F729A5F3C8005A8034 /* Base */,
			);
			name = Main.storyboard;
			sourceTree = "<group>";
		};
		CE3C64FB29A5F3CB005A8034 /* LaunchScreen.storyboard */ = {
			isa = PBXVariantGroup;
			children = (
				CE3C64FC29A5F3CB005A8034 /* Base */,
			);
			name = LaunchScreen.storyboard;
			sourceTree = "<group>";
		};
/* End PBXVariantGroup section */

/* Begin XCBuildConfiguration section */
		CE3C64FF29A5F3CB005A8034 /* Debug */ = {
			isa = XCBuildConfiguration;
			buildSettings = {
				ALWAYS_SEARCH_USER_PATHS = NO;
				CLANG_ANALYZER_NONNULL = YES;
				CLANG_ANALYZER_NUMBER_OBJECT_CONVERSION = YES_AGGRESSIVE;
				CLANG_CXX_LANGUAGE_STANDARD = "gnu++20";
				CLANG_ENABLE_MODULES = YES;
				CLANG_ENABLE_OBJC_ARC = YES;
				CLANG_ENABLE_OBJC_WEAK = YES;
				CLANG_WARN_BLOCK_CAPTURE_AUTORELEASING = YES;
				CLANG_WARN_BOOL_CONVERSION = YES;
				CLANG_WARN_COMMA = YES;
				CLANG_WARN_CONSTANT_CONVERSION = YES;
				CLANG_WARN_DEPRECATED_OBJC_IMPLEMENTATIONS = YES;
				CLANG_WARN_DIRECT_OBJC_ISA_USAGE = YES_ERROR;
				CLANG_WARN_DOCUMENTATION_COMMENTS = YES;
				CLANG_WARN_EMPTY_BODY = YES;
				CLANG_WARN_ENUM_CONVERSION = YES;
				CLANG_WARN_INFINITE_RECURSION = YES;
				CLANG_WARN_INT_CONVERSION = YES;
				CLANG_WARN_NON_LITERAL_NULL_CONVERSION = YES;
				CLANG_WARN_OBJC_IMPLICIT_RETAIN_SELF = YES;
				CLANG_WARN_OBJC_LITERAL_CONVERSION = YES;
				CLANG_WARN_OBJC_ROOT_CLASS = YES_ERROR;
				CLANG_WARN_QUOTED_INCLUDE_IN_FRAMEWORK_HEADER = YES;
				CLANG_WARN_RANGE_LOOP_ANALYSIS = YES;
				CLANG_WARN_STRICT_PROTOTYPES = YES;
				CLANG_WARN_SUSPICIOUS_MOVE = YES;
				CLANG_WARN_UNGUARDED_AVAILABILITY = YES_AGGRESSIVE;
				CLANG_WARN_UNREACHABLE_CODE = YES;
				CLANG_WARN__DUPLICATE_METHOD_MATCH = YES;
				COPY_PHASE_STRIP = NO;
				DEBUG_INFORMATION_FORMAT = dwarf;
				ENABLE_STRICT_OBJC_MSGSEND = YES;
				ENABLE_TESTABILITY = YES;
				GCC_C_LANGUAGE_STANDARD = gnu11;
				GCC_DYNAMIC_NO_PIC = NO;
				GCC_NO_COMMON_BLOCKS = YES;
				GCC_OPTIMIZATION_LEVEL = 0;
				GCC_PREPROCESSOR_DEFINITIONS = (
					"DEBUG=1",
					"$(inherited)",
				);
				GCC_WARN_64_TO_32_BIT_CONVERSION = YES;
				GCC_WARN_ABOUT_RETURN_TYPE = YES_ERROR;
				GCC_WARN_UNDECLARED_SELECTOR = YES;
				GCC_WARN_UNINITIALIZED_AUTOS = YES_AGGRESSIVE;
				GCC_WARN_UNUSED_FUNCTION = YES;
				GCC_WARN_UNUSED_VARIABLE = YES;
				IPHONEOS_DEPLOYMENT_TARGET = 16.2;
				MTL_ENABLE_DEBUG_INFO = INCLUDE_SOURCE;
				MTL_FAST_MATH = YES;
				ONLY_ACTIVE_ARCH = YES;
				SDKROOT = iphoneos;
				SWIFT_ACTIVE_COMPILATION_CONDITIONS = DEBUG;
				SWIFT_OPTIMIZATION_LEVEL = "-Onone";
			};
			name = Debug;
		};
		CE3C650029A5F3CB005A8034 /* Release */ = {
			isa = XCBuildConfiguration;
			buildSettings = {
				ALWAYS_SEARCH_USER_PATHS = NO;
				CLANG_ANALYZER_NONNULL = YES;
				CLANG_ANALYZER_NUMBER_OBJECT_CONVERSION = YES_AGGRESSIVE;
				CLANG_CXX_LANGUAGE_STANDARD = "gnu++20";
				CLANG_ENABLE_MODULES = YES;
				CLANG_ENABLE_OBJC_ARC = YES;
				CLANG_ENABLE_OBJC_WEAK = YES;
				CLANG_WARN_BLOCK_CAPTURE_AUTORELEASING = YES;
				CLANG_WARN_BOOL_CONVERSION = YES;
				CLANG_WARN_COMMA = YES;
				CLANG_WARN_CONSTANT_CONVERSION = YES;
				CLANG_WARN_DEPRECATED_OBJC_IMPLEMENTATIONS = YES;
				CLANG_WARN_DIRECT_OBJC_ISA_USAGE = YES_ERROR;
				CLANG_WARN_DOCUMENTATION_COMMENTS = YES;
				CLANG_WARN_EMPTY_BODY = YES;
				CLANG_WARN_ENUM_CONVERSION = YES;
				CLANG_WARN_INFINITE_RECURSION = YES;
				CLANG_WARN_INT_CONVERSION = YES;
				CLANG_WARN_NON_LITERAL_NULL_CONVERSION = YES;
				CLANG_WARN_OBJC_IMPLICIT_RETAIN_SELF = YES;
				CLANG_WARN_OBJC_LITERAL_CONVERSION = YES;
				CLANG_WARN_OBJC_ROOT_CLASS = YES_ERROR;
				CLANG_WARN_QUOTED_INCLUDE_IN_FRAMEWORK_HEADER = YES;
				CLANG_WARN_RANGE_LOOP_ANALYSIS = YES;
				CLANG_WARN_STRICT_PROTOTYPES = YES;
				CLANG_WARN_SUSPICIOUS_MOVE = YES;
				CLANG_WARN_UNGUARDED_AVAILABILITY = YES_AGGRESSIVE;
				CLANG_WARN_UNREACHABLE_CODE = YES;
				CLANG_WARN__DUPLICATE_METHOD_MATCH = YES;
				COPY_PHASE_STRIP = NO;
				DEBUG_INFORMATION_FORMAT = "dwarf-with-dsym";
				ENABLE_NS_ASSERTIONS = NO;
				ENABLE_STRICT_OBJC_MSGSEND = YES;
				GCC_C_LANGUAGE_STANDARD = gnu11;
				GCC_NO_COMMON_BLOCKS = YES;
				GCC_WARN_64_TO_32_BIT_CONVERSION = YES;
				GCC_WARN_ABOUT_RETURN_TYPE = YES_ERROR;
				GCC_WARN_UNDECLARED_SELECTOR = YES;
				GCC_WARN_UNINITIALIZED_AUTOS = YES_AGGRESSIVE;
				GCC_WARN_UNUSED_FUNCTION = YES;
				GCC_WARN_UNUSED_VARIABLE = YES;
				IPHONEOS_DEPLOYMENT_TARGET = 16.2;
				MTL_ENABLE_DEBUG_INFO = NO;
				MTL_FAST_MATH = YES;
				SDKROOT = iphoneos;
				SWIFT_COMPILATION_MODE = wholemodule;
				SWIFT_OPTIMIZATION_LEVEL = "-O";
				VALIDATE_PRODUCT = YES;
			};
			name = Release;
		};
		CE3C650229A5F3CB005A8034 /* Debug */ = {
			isa = XCBuildConfiguration;
			buildSettings = {
				ASSETCATALOG_COMPILER_APPICON_NAME = AppIcon;
				ASSETCATALOG_COMPILER_GLOBAL_ACCENT_COLOR_NAME = AccentColor;
				CODE_SIGN_STYLE = Automatic;
				CURRENT_PROJECT_VERSION = 1;
				DEVELOPMENT_TEAM = L86P4HUDQ3;
				GENERATE_INFOPLIST_FILE = YES;
				INFOPLIST_FILE = PersonalSurvey/Applications/Info.plist;
				INFOPLIST_KEY_UIApplicationSupportsIndirectInputEvents = YES;
				INFOPLIST_KEY_UILaunchStoryboardName = LaunchScreen;
				INFOPLIST_KEY_UIMainStoryboardFile = Main;
				INFOPLIST_KEY_UISupportedInterfaceOrientations = UIInterfaceOrientationPortrait;
				INFOPLIST_KEY_UISupportedInterfaceOrientations_iPad = "UIInterfaceOrientationLandscapeLeft UIInterfaceOrientationLandscapeRight UIInterfaceOrientationPortrait UIInterfaceOrientationPortraitUpsideDown";
				LD_RUNPATH_SEARCH_PATHS = (
					"$(inherited)",
					"@executable_path/Frameworks",
				);
				MARKETING_VERSION = 1.0;
				PRODUCT_BUNDLE_IDENTIFIER = seleza1.PersonalSurvey;
				PRODUCT_NAME = "$(TARGET_NAME)";
				SUPPORTED_PLATFORMS = "iphoneos iphonesimulator";
				SUPPORTS_MACCATALYST = NO;
				SUPPORTS_MAC_DESIGNED_FOR_IPHONE_IPAD = NO;
				SWIFT_EMIT_LOC_STRINGS = YES;
				SWIFT_VERSION = 5.0;
				TARGETED_DEVICE_FAMILY = 1;
			};
			name = Debug;
		};
		CE3C650329A5F3CB005A8034 /* Release */ = {
			isa = XCBuildConfiguration;
			buildSettings = {
				ASSETCATALOG_COMPILER_APPICON_NAME = AppIcon;
				ASSETCATALOG_COMPILER_GLOBAL_ACCENT_COLOR_NAME = AccentColor;
				CODE_SIGN_STYLE = Automatic;
				CURRENT_PROJECT_VERSION = 1;
				DEVELOPMENT_TEAM = L86P4HUDQ3;
				GENERATE_INFOPLIST_FILE = YES;
				INFOPLIST_FILE = PersonalSurvey/Applications/Info.plist;
				INFOPLIST_KEY_UIApplicationSupportsIndirectInputEvents = YES;
				INFOPLIST_KEY_UILaunchStoryboardName = LaunchScreen;
				INFOPLIST_KEY_UIMainStoryboardFile = Main;
				INFOPLIST_KEY_UISupportedInterfaceOrientations = UIInterfaceOrientationPortrait;
				INFOPLIST_KEY_UISupportedInterfaceOrientations_iPad = "UIInterfaceOrientationLandscapeLeft UIInterfaceOrientationLandscapeRight UIInterfaceOrientationPortrait UIInterfaceOrientationPortraitUpsideDown";
				LD_RUNPATH_SEARCH_PATHS = (
					"$(inherited)",
					"@executable_path/Frameworks",
				);
				MARKETING_VERSION = 1.0;
				PRODUCT_BUNDLE_IDENTIFIER = seleza1.PersonalSurvey;
				PRODUCT_NAME = "$(TARGET_NAME)";
				SUPPORTED_PLATFORMS = "iphoneos iphonesimulator";
				SUPPORTS_MACCATALYST = NO;
				SUPPORTS_MAC_DESIGNED_FOR_IPHONE_IPAD = NO;
				SWIFT_EMIT_LOC_STRINGS = YES;
				SWIFT_VERSION = 5.0;
				TARGETED_DEVICE_FAMILY = 1;
			};
			name = Release;
		};
/* End XCBuildConfiguration section */

/* Begin XCConfigurationList section */
		CE3C64E829A5F3C8005A8034 /* Build configuration list for PBXProject "PersonalSurvey" */ = {
			isa = XCConfigurationList;
			buildConfigurations = (
				CE3C64FF29A5F3CB005A8034 /* Debug */,
				CE3C650029A5F3CB005A8034 /* Release */,
			);
			defaultConfigurationIsVisible = 0;
			defaultConfigurationName = Release;
		};
		CE3C650129A5F3CB005A8034 /* Build configuration list for PBXNativeTarget "PersonalSurvey" */ = {
			isa = XCConfigurationList;
			buildConfigurations = (
				CE3C650229A5F3CB005A8034 /* Debug */,
				CE3C650329A5F3CB005A8034 /* Release */,
			);
			defaultConfigurationIsVisible = 0;
			defaultConfigurationName = Release;
		};
/* End XCConfigurationList section */
	};
	rootObject = CE3C64E529A5F3C8005A8034 /* Project object */;
}
